
Microsoft Visual Studio Solution File, Format Version 12.00
# Visual Studio Version 17
VisualStudioVersion = 17.3.32819.101
MinimumVisualStudioVersion = 10.0.40219.1
Project("{FAE04EC0-301F-11D3-BF4B-00C04F79EFBC}") = "pryRodriguezSP4A(2)", "pryRodriguezSP4A(2).csproj", "{C2BEA78B-A651-4341-A256-FFAB3668F801}"
EndProject
Global
	GlobalSection(SolutionConfigurationPlatforms) = preSolution
		Debug|Any CPU = Debug|Any CPU
		Release|Any CPU = Release|Any CPU
	EndGlobalSection
	GlobalSection(ProjectConfigurationPlatforms) = postSolution
		{C2BEA78B-A651-4341-A256-FFAB3668F801}.Debug|Any CPU.ActiveCfg = Debug|Any CPU
		{C2BEA78B-A651-4341-A256-FFAB3668F801}.Debug|Any CPU.Build.0 = Debug|Any CPU
		{C2BEA78B-A651-4341-A256-FFAB3668F801}.Release|Any CPU.ActiveCfg = Release|Any CPU
		{C2BEA78B-A651-4341-A256-FFAB3668F801}.Release|Any CPU.Build.0 = Release|Any CPU
	EndGlobalSection
	GlobalSection(SolutionProperties) = preSolution
		HideSolutionNode = FALSE
	EndGlobalSection
	GlobalSection(ExtensibilityGlobals) = postSolution
		SolutionGuid = {3166464D-C7FC-4345-ACED-2238547FFC3A}
	EndGlobalSection
EndGlobal
